
Microsoft Visual Studio Solution File, Format Version 12.00
# Visual Studio Version 17
VisualStudioVersion = 17.11.35222.181
MinimumVisualStudioVersion = 10.0.40219.1
Project("{FAE04EC0-301F-11D3-BF4B-00C04F79EFBC}") = "Cwiczenia1", "Cwiczenia1\Cwiczenia1.csproj", "{EA9CF809-E6FF-4A09-B3D2-C55CDEB1696E}"
EndProject
Global
	GlobalSection(SolutionConfigurationPlatforms) = preSolution
		Debug|Any CPU = Debug|Any CPU
		Release|Any CPU = Release|Any CPU
	EndGlobalSection
	GlobalSection(ProjectConfigurationPlatforms) = postSolution
		{EA9CF809-E6FF-4A09-B3D2-C55CDEB1696E}.Debug|Any CPU.ActiveCfg = Debug|Any CPU
		{EA9CF809-E6FF-4A09-B3D2-C55CDEB1696E}.Debug|Any CPU.Build.0 = Debug|Any CPU
		{EA9CF809-E6FF-4A09-B3D2-C55CDEB1696E}.Release|Any CPU.ActiveCfg = Release|Any CPU
		{EA9CF809-E6FF-4A09-B3D2-C55CDEB1696E}.Release|Any CPU.Build.0 = Release|Any CPU
	EndGlobalSection
	GlobalSection(SolutionProperties) = preSolution
		HideSolutionNode = FALSE
	EndGlobalSection
	GlobalSection(ExtensibilityGlobals) = postSolution
		SolutionGuid = {E7BDC5F8-8A1E-404B-B646-FD58C71C8B68}
	EndGlobalSection
EndGlobal
